// !$*UTF8*$!
{
	archiveVersion = 1;
	classes = {
	};
	objectVersion = 46;
	objects = {

/* Begin PBXBuildFile section */
		1A2D5BCABD7667B6891A10B9 /* Pods_DomoEatsTests.framework in Frameworks */ = {isa = PBXBuildFile; fileRef = 6674C89AE89170E1487944FC /* Pods_DomoEatsTests.framework */; };
		2B7B738698E42A3AB8651019 /* Pods_DomoEatsUITests.framework in Frameworks */ = {isa = PBXBuildFile; fileRef = A9E6124DA1930863A7408B10 /* Pods_DomoEatsUITests.framework */; };
		67194A181C30943E00DAE805 /* AppDelegate.swift in Sources */ = {isa = PBXBuildFile; fileRef = 67194A171C30943E00DAE805 /* AppDelegate.swift */; };
		67194A1D1C30943E00DAE805 /* Main.storyboard in Resources */ = {isa = PBXBuildFile; fileRef = 67194A1B1C30943E00DAE805 /* Main.storyboard */; };
		67194A221C30943E00DAE805 /* Assets.xcassets in Resources */ = {isa = PBXBuildFile; fileRef = 67194A211C30943E00DAE805 /* Assets.xcassets */; };
		67194A251C30943E00DAE805 /* LaunchScreen.storyboard in Resources */ = {isa = PBXBuildFile; fileRef = 67194A231C30943E00DAE805 /* LaunchScreen.storyboard */; };
		67194A301C30943E00DAE805 /* DomoEatsTests.swift in Sources */ = {isa = PBXBuildFile; fileRef = 67194A2F1C30943E00DAE805 /* DomoEatsTests.swift */; };
		67194A3B1C30943E00DAE805 /* DomoEatsUITests.swift in Sources */ = {isa = PBXBuildFile; fileRef = 67194A3A1C30943E00DAE805 /* DomoEatsUITests.swift */; };
		67194A4A1C30991500DAE805 /* SplashViewController.swift in Sources */ = {isa = PBXBuildFile; fileRef = 67194A491C30991500DAE805 /* SplashViewController.swift */; };
		67194A4B1C30991500DAE805 /* SplashViewController.swift in Sources */ = {isa = PBXBuildFile; fileRef = 67194A491C30991500DAE805 /* SplashViewController.swift */; };
		67194A4E1C309E2400DAE805 /* LoginViewController.swift in Sources */ = {isa = PBXBuildFile; fileRef = 67194A4D1C309E2400DAE805 /* LoginViewController.swift */; };
		67194A4F1C309E2400DAE805 /* LoginViewController.swift in Sources */ = {isa = PBXBuildFile; fileRef = 67194A4D1C309E2400DAE805 /* LoginViewController.swift */; };
		67194A511C309E2F00DAE805 /* SignUpViewController.swift in Sources */ = {isa = PBXBuildFile; fileRef = 67194A501C309E2F00DAE805 /* SignUpViewController.swift */; };
		67194A521C309E2F00DAE805 /* SignUpViewController.swift in Sources */ = {isa = PBXBuildFile; fileRef = 67194A501C309E2F00DAE805 /* SignUpViewController.swift */; };
		67194A551C30B9EC00DAE805 /* Authentication.swift in Sources */ = {isa = PBXBuildFile; fileRef = 67194A541C30B9EC00DAE805 /* Authentication.swift */; };
		67194A561C30B9EC00DAE805 /* Authentication.swift in Sources */ = {isa = PBXBuildFile; fileRef = 67194A541C30B9EC00DAE805 /* Authentication.swift */; };
		67194A5C1C30C08300DAE805 /* SelectCatagoryTableViewController.swift in Sources */ = {isa = PBXBuildFile; fileRef = 67194A5B1C30C08300DAE805 /* SelectCatagoryTableViewController.swift */; };
		67194A5D1C30C08300DAE805 /* SelectCatagoryTableViewController.swift in Sources */ = {isa = PBXBuildFile; fileRef = 67194A5B1C30C08300DAE805 /* SelectCatagoryTableViewController.swift */; };
		675464001C373731008E071A /* YelpAPI.swift in Sources */ = {isa = PBXBuildFile; fileRef = 675463FF1C373731008E071A /* YelpAPI.swift */; };
		675464011C373731008E071A /* YelpAPI.swift in Sources */ = {isa = PBXBuildFile; fileRef = 675463FF1C373731008E071A /* YelpAPI.swift */; };
		675464081C38148A008E071A /* Places.swift in Sources */ = {isa = PBXBuildFile; fileRef = 675464071C38148A008E071A /* Places.swift */; };
		675464091C38148A008E071A /* Places.swift in Sources */ = {isa = PBXBuildFile; fileRef = 675464071C38148A008E071A /* Places.swift */; };
		67FF30031C38AF3700212350 /* InitialViewController.swift in Sources */ = {isa = PBXBuildFile; fileRef = 67FF30021C38AF3700212350 /* InitialViewController.swift */; };
		67FF30061C38CFB300212350 /* MapKit.framework in Frameworks */ = {isa = PBXBuildFile; fileRef = 67FF30051C38CFB300212350 /* MapKit.framework */; };
		67FF30081C396AC300212350 /* FindViewController.swift in Sources */ = {isa = PBXBuildFile; fileRef = 67FF30071C396AC300212350 /* FindViewController.swift */; };
		67FF300A1C398FC500212350 /* MapPlaces.swift in Sources */ = {isa = PBXBuildFile; fileRef = 67FF30091C398FC500212350 /* MapPlaces.swift */; };
		67FF300C1C39A5B900212350 /* DEYelpImageCache.swift in Sources */ = {isa = PBXBuildFile; fileRef = 67FF300B1C39A5B900212350 /* DEYelpImageCache.swift */; };
		67FF300D1C39A5B900212350 /* DEYelpImageCache.swift in Sources */ = {isa = PBXBuildFile; fileRef = 67FF300B1C39A5B900212350 /* DEYelpImageCache.swift */; };
		67FF300F1C39B28C00212350 /* splash.png in Resources */ = {isa = PBXBuildFile; fileRef = 67FF300E1C39B28C00212350 /* splash.png */; };
		67FF30101C39B28C00212350 /* splash.png in Resources */ = {isa = PBXBuildFile; fileRef = 67FF300E1C39B28C00212350 /* splash.png */; };
		EE6935F01A20CAF5FB428CB1 /* Pods_DomoEats.framework in Frameworks */ = {isa = PBXBuildFile; fileRef = E8D69970072AEAC70ED9739B /* Pods_DomoEats.framework */; };
/* End PBXBuildFile section */

/* Begin PBXContainerItemProxy section */
		67194A2C1C30943E00DAE805 /* PBXContainerItemProxy */ = {
			isa = PBXContainerItemProxy;
			containerPortal = 67194A0C1C30943E00DAE805 /* Project object */;
			proxyType = 1;
			remoteGlobalIDString = 67194A131C30943E00DAE805;
			remoteInfo = DomoEats;
		};
		67194A371C30943E00DAE805 /* PBXContainerItemProxy */ = {
			isa = PBXContainerItemProxy;
			containerPortal = 67194A0C1C30943E00DAE805 /* Project object */;
			proxyType = 1;
			remoteGlobalIDString = 67194A131C30943E00DAE805;
			remoteInfo = DomoEats;
		};
/* End PBXContainerItemProxy section */

/* Begin PBXFileReference section */
		29F49A980EA50D5190E35A31 /* Pods-DomoEats.debug.xcconfig */ = {isa = PBXFileReference; includeInIndex = 1; lastKnownFileType = text.xcconfig; name = "Pods-DomoEats.debug.xcconfig"; path = "Pods/Target Support Files/Pods-DomoEats/Pods-DomoEats.debug.xcconfig"; sourceTree = "<group>"; };
		3BE5D36484A465BC7F4B1CE6 /* Pods-DomoEats.release.xcconfig */ = {isa = PBXFileReference; includeInIndex = 1; lastKnownFileType = text.xcconfig; name = "Pods-DomoEats.release.xcconfig"; path = "Pods/Target Support Files/Pods-DomoEats/Pods-DomoEats.release.xcconfig"; sourceTree = "<group>"; };
		4BEA07FD4840970DDB0E1516 /* Pods-DomoEatsTests.release.xcconfig */ = {isa = PBXFileReference; includeInIndex = 1; lastKnownFileType = text.xcconfig; name = "Pods-DomoEatsTests.release.xcconfig"; path = "Pods/Target Support Files/Pods-DomoEatsTests/Pods-DomoEatsTests.release.xcconfig"; sourceTree = "<group>"; };
		5E523D195C770AF0F4F7FD15 /* Pods-DomoEatsUITests.debug.xcconfig */ = {isa = PBXFileReference; includeInIndex = 1; lastKnownFileType = text.xcconfig; name = "Pods-DomoEatsUITests.debug.xcconfig"; path = "Pods/Target Support Files/Pods-DomoEatsUITests/Pods-DomoEatsUITests.debug.xcconfig"; sourceTree = "<group>"; };
		6674C89AE89170E1487944FC /* Pods_DomoEatsTests.framework */ = {isa = PBXFileReference; explicitFileType = wrapper.framework; includeInIndex = 0; path = Pods_DomoEatsTests.framework; sourceTree = BUILT_PRODUCTS_DIR; };
		67194A141C30943E00DAE805 /* DomoEats.app */ = {isa = PBXFileReference; explicitFileType = wrapper.application; includeInIndex = 0; path = DomoEats.app; sourceTree = BUILT_PRODUCTS_DIR; };
		67194A171C30943E00DAE805 /* AppDelegate.swift */ = {isa = PBXFileReference; lastKnownFileType = sourcecode.swift; path = AppDelegate.swift; sourceTree = "<group>"; };
		67194A1C1C30943E00DAE805 /* Base */ = {isa = PBXFileReference; lastKnownFileType = file.storyboard; name = Base; path = Base.lproj/Main.storyboard; sourceTree = "<group>"; };
		67194A211C30943E00DAE805 /* Assets.xcassets */ = {isa = PBXFileReference; lastKnownFileType = folder.assetcatalog; path = Assets.xcassets; sourceTree = "<group>"; };
		67194A241C30943E00DAE805 /* Base */ = {isa = PBXFileReference; lastKnownFileType = file.storyboard; name = Base; path = Base.lproj/LaunchScreen.storyboard; sourceTree = "<group>"; };
		67194A261C30943E00DAE805 /* Info.plist */ = {isa = PBXFileReference; lastKnownFileType = text.plist.xml; path = Info.plist; sourceTree = "<group>"; };
		67194A2B1C30943E00DAE805 /* DomoEatsTests.xctest */ = {isa = PBXFileReference; explicitFileType = wrapper.cfbundle; includeInIndex = 0; path = DomoEatsTests.xctest; sourceTree = BUILT_PRODUCTS_DIR; };
		67194A2F1C30943E00DAE805 /* DomoEatsTests.swift */ = {isa = PBXFileReference; lastKnownFileType = sourcecode.swift; path = DomoEatsTests.swift; sourceTree = "<group>"; };
		67194A311C30943E00DAE805 /* Info.plist */ = {isa = PBXFileReference; lastKnownFileType = text.plist.xml; path = Info.plist; sourceTree = "<group>"; };
		67194A361C30943E00DAE805 /* DomoEatsUITests.xctest */ = {isa = PBXFileReference; explicitFileType = wrapper.cfbundle; includeInIndex = 0; path = DomoEatsUITests.xctest; sourceTree = BUILT_PRODUCTS_DIR; };
		67194A3A1C30943E00DAE805 /* DomoEatsUITests.swift */ = {isa = PBXFileReference; lastKnownFileType = sourcecode.swift; path = DomoEatsUITests.swift; sourceTree = "<group>"; };
		67194A3C1C30943E00DAE805 /* Info.plist */ = {isa = PBXFileReference; lastKnownFileType = text.plist.xml; path = Info.plist; sourceTree = "<group>"; };
		67194A491C30991500DAE805 /* SplashViewController.swift */ = {isa = PBXFileReference; fileEncoding = 4; lastKnownFileType = sourcecode.swift; path = SplashViewController.swift; sourceTree = "<group>"; };
		67194A4D1C309E2400DAE805 /* LoginViewController.swift */ = {isa = PBXFileReference; fileEncoding = 4; lastKnownFileType = sourcecode.swift; path = LoginViewController.swift; sourceTree = "<group>"; };
		67194A501C309E2F00DAE805 /* SignUpViewController.swift */ = {isa = PBXFileReference; fileEncoding = 4; lastKnownFileType = sourcecode.swift; path = SignUpViewController.swift; sourceTree = "<group>"; };
		67194A541C30B9EC00DAE805 /* Authentication.swift */ = {isa = PBXFileReference; fileEncoding = 4; lastKnownFileType = sourcecode.swift; path = Authentication.swift; sourceTree = "<group>"; };
		67194A5B1C30C08300DAE805 /* SelectCatagoryTableViewController.swift */ = {isa = PBXFileReference; fileEncoding = 4; lastKnownFileType = sourcecode.swift; path = SelectCatagoryTableViewController.swift; sourceTree = "<group>"; };
		675463FF1C373731008E071A /* YelpAPI.swift */ = {isa = PBXFileReference; fileEncoding = 4; lastKnownFileType = sourcecode.swift; path = YelpAPI.swift; sourceTree = "<group>"; };
		675464031C37390F008E071A /* DomoEats-Bridging-Header.h */ = {isa = PBXFileReference; fileEncoding = 4; lastKnownFileType = sourcecode.c.h; path = "DomoEats-Bridging-Header.h"; sourceTree = SOURCE_ROOT; };
		675464071C38148A008E071A /* Places.swift */ = {isa = PBXFileReference; fileEncoding = 4; lastKnownFileType = sourcecode.swift; path = Places.swift; sourceTree = "<group>"; };
		67FF30021C38AF3700212350 /* InitialViewController.swift */ = {isa = PBXFileReference; fileEncoding = 4; lastKnownFileType = sourcecode.swift; path = InitialViewController.swift; sourceTree = "<group>"; };
		67FF30051C38CFB300212350 /* MapKit.framework */ = {isa = PBXFileReference; lastKnownFileType = wrapper.framework; name = MapKit.framework; path = System/Library/Frameworks/MapKit.framework; sourceTree = SDKROOT; };
		67FF30071C396AC300212350 /* FindViewController.swift */ = {isa = PBXFileReference; fileEncoding = 4; lastKnownFileType = sourcecode.swift; path = FindViewController.swift; sourceTree = "<group>"; };
		67FF30091C398FC500212350 /* MapPlaces.swift */ = {isa = PBXFileReference; fileEncoding = 4; lastKnownFileType = sourcecode.swift; path = MapPlaces.swift; sourceTree = "<group>"; };
		67FF300B1C39A5B900212350 /* DEYelpImageCache.swift */ = {isa = PBXFileReference; fileEncoding = 4; lastKnownFileType = sourcecode.swift; path = DEYelpImageCache.swift; sourceTree = "<group>"; };
		67FF300E1C39B28C00212350 /* splash.png */ = {isa = PBXFileReference; lastKnownFileType = image.png; path = splash.png; sourceTree = "<group>"; };
		A92FBFBB2DA28DA24F89C753 /* Pods-DomoEatsUITests.release.xcconfig */ = {isa = PBXFileReference; includeInIndex = 1; lastKnownFileType = text.xcconfig; name = "Pods-DomoEatsUITests.release.xcconfig"; path = "Pods/Target Support Files/Pods-DomoEatsUITests/Pods-DomoEatsUITests.release.xcconfig"; sourceTree = "<group>"; };
		A9E6124DA1930863A7408B10 /* Pods_DomoEatsUITests.framework */ = {isa = PBXFileReference; explicitFileType = wrapper.framework; includeInIndex = 0; path = Pods_DomoEatsUITests.framework; sourceTree = BUILT_PRODUCTS_DIR; };
		B21CBC2B504C5A9DABC10CA0 /* Pods-DomoEatsTests.debug.xcconfig */ = {isa = PBXFileReference; includeInIndex = 1; lastKnownFileType = text.xcconfig; name = "Pods-DomoEatsTests.debug.xcconfig"; path = "Pods/Target Support Files/Pods-DomoEatsTests/Pods-DomoEatsTests.debug.xcconfig"; sourceTree = "<group>"; };
		E8D69970072AEAC70ED9739B /* Pods_DomoEats.framework */ = {isa = PBXFileReference; explicitFileType = wrapper.framework; includeInIndex = 0; path = Pods_DomoEats.framework; sourceTree = BUILT_PRODUCTS_DIR; };
/* End PBXFileReference section */

/* Begin PBXFrameworksBuildPhase section */
		67194A111C30943E00DAE805 /* Frameworks */ = {
			isa = PBXFrameworksBuildPhase;
			buildActionMask = 2147483647;
			files = (
				67FF30061C38CFB300212350 /* MapKit.framework in Frameworks */,
				EE6935F01A20CAF5FB428CB1 /* Pods_DomoEats.framework in Frameworks */,
			);
			runOnlyForDeploymentPostprocessing = 0;
		};
		67194A281C30943E00DAE805 /* Frameworks */ = {
			isa = PBXFrameworksBuildPhase;
			buildActionMask = 2147483647;
			files = (
				1A2D5BCABD7667B6891A10B9 /* Pods_DomoEatsTests.framework in Frameworks */,
			);
			runOnlyForDeploymentPostprocessing = 0;
		};
		67194A331C30943E00DAE805 /* Frameworks */ = {
			isa = PBXFrameworksBuildPhase;
			buildActionMask = 2147483647;
			files = (
				2B7B738698E42A3AB8651019 /* Pods_DomoEatsUITests.framework in Frameworks */,
			);
			runOnlyForDeploymentPostprocessing = 0;
		};
/* End PBXFrameworksBuildPhase section */

/* Begin PBXGroup section */
		10C3C16B80377CC167379EC6 /* Pods */ = {
			isa = PBXGroup;
			children = (
				29F49A980EA50D5190E35A31 /* Pods-DomoEats.debug.xcconfig */,
				3BE5D36484A465BC7F4B1CE6 /* Pods-DomoEats.release.xcconfig */,
				B21CBC2B504C5A9DABC10CA0 /* Pods-DomoEatsTests.debug.xcconfig */,
				4BEA07FD4840970DDB0E1516 /* Pods-DomoEatsTests.release.xcconfig */,
				5E523D195C770AF0F4F7FD15 /* Pods-DomoEatsUITests.debug.xcconfig */,
				A92FBFBB2DA28DA24F89C753 /* Pods-DomoEatsUITests.release.xcconfig */,
			);
			name = Pods;
			sourceTree = "<group>";
		};
		67194A0B1C30943E00DAE805 = {
			isa = PBXGroup;
			children = (
				67194A161C30943E00DAE805 /* DomoEats */,
				67194A2E1C30943E00DAE805 /* DomoEatsTests */,
				67194A391C30943E00DAE805 /* DomoEatsUITests */,
				67194A151C30943E00DAE805 /* Products */,
				10C3C16B80377CC167379EC6 /* Pods */,
				E9A19CD4BEC4E112C844DA73 /* Frameworks */,
			);
			sourceTree = "<group>";
		};
		67194A151C30943E00DAE805 /* Products */ = {
			isa = PBXGroup;
			children = (
				67194A141C30943E00DAE805 /* DomoEats.app */,
				67194A2B1C30943E00DAE805 /* DomoEatsTests.xctest */,
				67194A361C30943E00DAE805 /* DomoEatsUITests.xctest */,
			);
			name = Products;
			sourceTree = "<group>";
		};
		67194A161C30943E00DAE805 /* DomoEats */ = {
			isa = PBXGroup;
			children = (
				675464051C37638D008E071A /* Supporting Files */,
				67194A531C30B9E000DAE805 /* API */,
				67194A481C3098FD00DAE805 /* Views */,
				67194A171C30943E00DAE805 /* AppDelegate.swift */,
				67194A1B1C30943E00DAE805 /* Main.storyboard */,
				67194A231C30943E00DAE805 /* LaunchScreen.storyboard */,
			);
			path = DomoEats;
			sourceTree = "<group>";
		};
		67194A2E1C30943E00DAE805 /* DomoEatsTests */ = {
			isa = PBXGroup;
			children = (
				67194A2F1C30943E00DAE805 /* DomoEatsTests.swift */,
				67194A311C30943E00DAE805 /* Info.plist */,
			);
			path = DomoEatsTests;
			sourceTree = "<group>";
		};
		67194A391C30943E00DAE805 /* DomoEatsUITests */ = {
			isa = PBXGroup;
			children = (
				67194A3A1C30943E00DAE805 /* DomoEatsUITests.swift */,
				67194A3C1C30943E00DAE805 /* Info.plist */,
			);
			path = DomoEatsUITests;
			sourceTree = "<group>";
		};
		67194A481C3098FD00DAE805 /* Views */ = {
			isa = PBXGroup;
			children = (
				67FF30141C39D1C600212350 /* Find View */,
				67194A571C30BF6500DAE805 /* Main App Views */,
				67194A4C1C309BB300DAE805 /* Login and Signup Views */,
				67194A491C30991500DAE805 /* SplashViewController.swift */,
				67FF30021C38AF3700212350 /* InitialViewController.swift */,
			);
			name = Views;
			sourceTree = "<group>";
		};
		67194A4C1C309BB300DAE805 /* Login and Signup Views */ = {
			isa = PBXGroup;
			children = (
				67194A4D1C309E2400DAE805 /* LoginViewController.swift */,
				67194A501C309E2F00DAE805 /* SignUpViewController.swift */,
			);
			name = "Login and Signup Views";
			sourceTree = "<group>";
		};
		67194A531C30B9E000DAE805 /* API */ = {
			isa = PBXGroup;
			children = (
				675464061C38147B008E071A /* Models */,
				67194A541C30B9EC00DAE805 /* Authentication.swift */,
				675463FF1C373731008E071A /* YelpAPI.swift */,
			);
			name = API;
			sourceTree = "<group>";
		};
		67194A571C30BF6500DAE805 /* Main App Views */ = {
			isa = PBXGroup;
			children = (
				67194A5B1C30C08300DAE805 /* SelectCatagoryTableViewController.swift */,
			);
			name = "Main App Views";
			sourceTree = "<group>";
		};
		675464051C37638D008E071A /* Supporting Files */ = {
			isa = PBXGroup;
			children = (
				67FF300E1C39B28C00212350 /* splash.png */,
				675464031C37390F008E071A /* DomoEats-Bridging-Header.h */,
				67194A211C30943E00DAE805 /* Assets.xcassets */,
				67194A261C30943E00DAE805 /* Info.plist */,
			);
			name = "Supporting Files";
			sourceTree = "<group>";
		};
		675464061C38147B008E071A /* Models */ = {
			isa = PBXGroup;
			children = (
				675464071C38148A008E071A /* Places.swift */,
				67FF30091C398FC500212350 /* MapPlaces.swift */,
				67FF300B1C39A5B900212350 /* DEYelpImageCache.swift */,
			);
			name = Models;
			sourceTree = "<group>";
		};
		67FF30141C39D1C600212350 /* Find View */ = {
			isa = PBXGroup;
			children = (
				67FF30071C396AC300212350 /* FindViewController.swift */,
			);
			name = "Find View";
			sourceTree = "<group>";
		};
		E9A19CD4BEC4E112C844DA73 /* Frameworks */ = {
			isa = PBXGroup;
			children = (
				67FF30051C38CFB300212350 /* MapKit.framework */,
				E8D69970072AEAC70ED9739B /* Pods_DomoEats.framework */,
				6674C89AE89170E1487944FC /* Pods_DomoEatsTests.framework */,
				A9E6124DA1930863A7408B10 /* Pods_DomoEatsUITests.framework */,
			);
			name = Frameworks;
			sourceTree = "<group>";
		};
/* End PBXGroup section */

/* Begin PBXNativeTarget section */
		67194A131C30943E00DAE805 /* DomoEats */ = {
			isa = PBXNativeTarget;
			buildConfigurationList = 67194A3F1C30943E00DAE805 /* Build configuration list for PBXNativeTarget "DomoEats" */;
			buildPhases = (
				F4B8A8B826D5D626A61F0669 /* Check Pods Manifest.lock */,
				67194A101C30943E00DAE805 /* Sources */,
				67194A111C30943E00DAE805 /* Frameworks */,
				67194A121C30943E00DAE805 /* Resources */,
				7227829427BD03A2F392425C /* Embed Pods Frameworks */,
				736794B3DA75458724EC6ED4 /* Copy Pods Resources */,
			);
			buildRules = (
			);
			dependencies = (
			);
			name = DomoEats;
			productName = DomoEats;
			productReference = 67194A141C30943E00DAE805 /* DomoEats.app */;
			productType = "com.apple.product-type.application";
		};
		67194A2A1C30943E00DAE805 /* DomoEatsTests */ = {
			isa = PBXNativeTarget;
			buildConfigurationList = 67194A421C30943E00DAE805 /* Build configuration list for PBXNativeTarget "DomoEatsTests" */;
			buildPhases = (
				09A8F6CC1403EDB3C02E296B /* Check Pods Manifest.lock */,
				67194A271C30943E00DAE805 /* Sources */,
				67194A281C30943E00DAE805 /* Frameworks */,
				67194A291C30943E00DAE805 /* Resources */,
				D11C1E4C889472AD58C20E41 /* Embed Pods Frameworks */,
				2D21A409073DB78AAB1ECD52 /* Copy Pods Resources */,
			);
			buildRules = (
			);
			dependencies = (
				67194A2D1C30943E00DAE805 /* PBXTargetDependency */,
			);
			name = DomoEatsTests;
			productName = DomoEatsTests;
			productReference = 67194A2B1C30943E00DAE805 /* DomoEatsTests.xctest */;
			productType = "com.apple.product-type.bundle.unit-test";
		};
		67194A351C30943E00DAE805 /* DomoEatsUITests */ = {
			isa = PBXNativeTarget;
			buildConfigurationList = 67194A451C30943E00DAE805 /* Build configuration list for PBXNativeTarget "DomoEatsUITests" */;
			buildPhases = (
				E8F75C06E7A546FC1764FAEC /* Check Pods Manifest.lock */,
				67194A321C30943E00DAE805 /* Sources */,
				67194A331C30943E00DAE805 /* Frameworks */,
				67194A341C30943E00DAE805 /* Resources */,
				349B884240B2C288B37B60FB /* Copy Pods Resources */,
			);
			buildRules = (
			);
			dependencies = (
				67194A381C30943E00DAE805 /* PBXTargetDependency */,
			);
			name = DomoEatsUITests;
			productName = DomoEatsUITests;
			productReference = 67194A361C30943E00DAE805 /* DomoEatsUITests.xctest */;
			productType = "com.apple.product-type.bundle.ui-testing";
		};
/* End PBXNativeTarget section */

/* Begin PBXProject section */
		67194A0C1C30943E00DAE805 /* Project object */ = {
			isa = PBXProject;
			attributes = {
				LastSwiftUpdateCheck = 0720;
				LastUpgradeCheck = 0720;
				ORGANIZATIONNAME = "Timothy Barrett";
				TargetAttributes = {
					67194A131C30943E00DAE805 = {
						CreatedOnToolsVersion = 7.2;
						SystemCapabilities = {
							com.apple.Maps.iOS = {
								enabled = 1;
							};
						};
					};
					67194A2A1C30943E00DAE805 = {
						CreatedOnToolsVersion = 7.2;
						TestTargetID = 67194A131C30943E00DAE805;
					};
					67194A351C30943E00DAE805 = {
						CreatedOnToolsVersion = 7.2;
						TestTargetID = 67194A131C30943E00DAE805;
					};
				};
			};
			buildConfigurationList = 67194A0F1C30943E00DAE805 /* Build configuration list for PBXProject "DomoEats" */;
			compatibilityVersion = "Xcode 3.2";
			developmentRegion = English;
			hasScannedForEncodings = 0;
			knownRegions = (
				en,
				Base,
			);
			mainGroup = 67194A0B1C30943E00DAE805;
			productRefGroup = 67194A151C30943E00DAE805 /* Products */;
			projectDirPath = "";
			projectRoot = "";
			targets = (
				67194A131C30943E00DAE805 /* DomoEats */,
				67194A2A1C30943E00DAE805 /* DomoEatsTests */,
				67194A351C30943E00DAE805 /* DomoEatsUITests */,
			);
		};
/* End PBXProject section */

/* Begin PBXResourcesBuildPhase section */
		67194A121C30943E00DAE805 /* Resources */ = {
			isa = PBXResourcesBuildPhase;
			buildActionMask = 2147483647;
			files = (
				67FF300F1C39B28C00212350 /* splash.png in Resources */,
				67194A251C30943E00DAE805 /* LaunchScreen.storyboard in Resources */,
				67194A221C30943E00DAE805 /* Assets.xcassets in Resources */,
				67194A1D1C30943E00DAE805 /* Main.storyboard in Resources */,
			);
			runOnlyForDeploymentPostprocessing = 0;
		};
		67194A291C30943E00DAE805 /* Resources */ = {
			isa = PBXResourcesBuildPhase;
			buildActionMask = 2147483647;
			files = (
				67FF30101C39B28C00212350 /* splash.png in Resources */,
			);
			runOnlyForDeploymentPostprocessing = 0;
		};
		67194A341C30943E00DAE805 /* Resources */ = {
			isa = PBXResourcesBuildPhase;
			buildActionMask = 2147483647;
			files = (
			);
			runOnlyForDeploymentPostprocessing = 0;
		};
/* End PBXResourcesBuildPhase section */

/* Begin PBXShellScriptBuildPhase section */
		09A8F6CC1403EDB3C02E296B /* Check Pods Manifest.lock */ = {
			isa = PBXShellScriptBuildPhase;
			buildActionMask = 2147483647;
			files = (
			);
			inputPaths = (
			);
			name = "Check Pods Manifest.lock";
			outputPaths = (
			);
			runOnlyForDeploymentPostprocessing = 0;
			shellPath = /bin/sh;
			shellScript = "diff \"${PODS_ROOT}/../Podfile.lock\" \"${PODS_ROOT}/Manifest.lock\" > /dev/null\nif [[ $? != 0 ]] ; then\n    cat << EOM\nerror: The sandbox is not in sync with the Podfile.lock. Run 'pod install' or update your CocoaPods installation.\nEOM\n    exit 1\nfi\n";
			showEnvVarsInLog = 0;
		};
		2D21A409073DB78AAB1ECD52 /* Copy Pods Resources */ = {
			isa = PBXShellScriptBuildPhase;
			buildActionMask = 2147483647;
			files = (
			);
			inputPaths = (
			);
			name = "Copy Pods Resources";
			outputPaths = (
			);
			runOnlyForDeploymentPostprocessing = 0;
			shellPath = /bin/sh;
			shellScript = "\"${SRCROOT}/Pods/Target Support Files/Pods-DomoEatsTests/Pods-DomoEatsTests-resources.sh\"\n";
			showEnvVarsInLog = 0;
		};
		349B884240B2C288B37B60FB /* Copy Pods Resources */ = {
			isa = PBXShellScriptBuildPhase;
			buildActionMask = 2147483647;
			files = (
			);
			inputPaths = (
			);
			name = "Copy Pods Resources";
			outputPaths = (
			);
			runOnlyForDeploymentPostprocessing = 0;
			shellPath = /bin/sh;
			shellScript = "\"${SRCROOT}/Pods/Target Support Files/Pods-DomoEatsUITests/Pods-DomoEatsUITests-resources.sh\"\n";
			showEnvVarsInLog = 0;
		};
		7227829427BD03A2F392425C /* Embed Pods Frameworks */ = {
			isa = PBXShellScriptBuildPhase;
			buildActionMask = 2147483647;
			files = (
			);
			inputPaths = (
			);
			name = "Embed Pods Frameworks";
			outputPaths = (
			);
			runOnlyForDeploymentPostprocessing = 0;
			shellPath = /bin/sh;
			shellScript = "\"${SRCROOT}/Pods/Target Support Files/Pods-DomoEats/Pods-DomoEats-frameworks.sh\"\n";
			showEnvVarsInLog = 0;
		};
		736794B3DA75458724EC6ED4 /* Copy Pods Resources */ = {
			isa = PBXShellScriptBuildPhase;
			buildActionMask = 2147483647;
			files = (
			);
			inputPaths = (
			);
			name = "Copy Pods Resources";
			outputPaths = (
			);
			runOnlyForDeploymentPostprocessing = 0;
			shellPath = /bin/sh;
			shellScript = "\"${SRCROOT}/Pods/Target Support Files/Pods-DomoEats/Pods-DomoEats-resources.sh\"\n";
			showEnvVarsInLog = 0;
		};
		D11C1E4C889472AD58C20E41 /* Embed Pods Frameworks */ = {
			isa = PBXShellScriptBuildPhase;
			buildActionMask = 2147483647;
			files = (
			);
			inputPaths = (
			);
			name = "Embed Pods Frameworks";
			outputPaths = (
			);
			runOnlyForDeploymentPostprocessing = 0;
			shellPath = /bin/sh;
			shellScript = "\"${SRCROOT}/Pods/Target Support Files/Pods-DomoEatsTests/Pods-DomoEatsTests-frameworks.sh\"\n";
			showEnvVarsInLog = 0;
		};
		E8F75C06E7A546FC1764FAEC /* Check Pods Manifest.lock */ = {
			isa = PBXShellScriptBuildPhase;
			buildActionMask = 2147483647;
			files = (
			);
			inputPaths = (
			);
			name = "Check Pods Manifest.lock";
			outputPaths = (
			);
			runOnlyForDeploymentPostprocessing = 0;
			shellPath = /bin/sh;
			shellScript = "diff \"${PODS_ROOT}/../Podfile.lock\" \"${PODS_ROOT}/Manifest.lock\" > /dev/null\nif [[ $? != 0 ]] ; then\n    cat << EOM\nerror: The sandbox is not in sync with the Podfile.lock. Run 'pod install' or update your CocoaPods installation.\nEOM\n    exit 1\nfi\n";
			showEnvVarsInLog = 0;
		};
		F4B8A8B826D5D626A61F0669 /* Check Pods Manifest.lock */ = {
			isa = PBXShellScriptBuildPhase;
			buildActionMask = 2147483647;
			files = (
			);
			inputPaths = (
			);
			name = "Check Pods Manifest.lock";
			outputPaths = (
			);
			runOnlyForDeploymentPostprocessing = 0;
			shellPath = /bin/sh;
			shellScript = "diff \"${PODS_ROOT}/../Podfile.lock\" \"${PODS_ROOT}/Manifest.lock\" > /dev/null\nif [[ $? != 0 ]] ; then\n    cat << EOM\nerror: The sandbox is not in sync with the Podfile.lock. Run 'pod install' or update your CocoaPods installation.\nEOM\n    exit 1\nfi\n";
			showEnvVarsInLog = 0;
		};
/* End PBXShellScriptBuildPhase section */

/* Begin PBXSourcesBuildPhase section */
		67194A101C30943E00DAE805 /* Sources */ = {
			isa = PBXSourcesBuildPhase;
			buildActionMask = 2147483647;
			files = (
				67FF300A1C398FC500212350 /* MapPlaces.swift in Sources */,
				67194A5C1C30C08300DAE805 /* SelectCatagoryTableViewController.swift in Sources */,
				67194A4E1C309E2400DAE805 /* LoginViewController.swift in Sources */,
				67194A181C30943E00DAE805 /* AppDelegate.swift in Sources */,
				67194A511C309E2F00DAE805 /* SignUpViewController.swift in Sources */,
				675464001C373731008E071A /* YelpAPI.swift in Sources */,
				67FF30031C38AF3700212350 /* InitialViewController.swift in Sources */,
				67194A551C30B9EC00DAE805 /* Authentication.swift in Sources */,
				67FF30081C396AC300212350 /* FindViewController.swift in Sources */,
				67194A4A1C30991500DAE805 /* SplashViewController.swift in Sources */,
				675464081C38148A008E071A /* Places.swift in Sources */,
				67FF300C1C39A5B900212350 /* DEYelpImageCache.swift in Sources */,
			);
			runOnlyForDeploymentPostprocessing = 0;
		};
		67194A271C30943E00DAE805 /* Sources */ = {
			isa = PBXSourcesBuildPhase;
			buildActionMask = 2147483647;
			files = (
				675464011C373731008E071A /* YelpAPI.swift in Sources */,
				67194A301C30943E00DAE805 /* DomoEatsTests.swift in Sources */,
				67194A561C30B9EC00DAE805 /* Authentication.swift in Sources */,
				67FF300D1C39A5B900212350 /* DEYelpImageCache.swift in Sources */,
				675464091C38148A008E071A /* Places.swift in Sources */,
			);
			runOnlyForDeploymentPostprocessing = 0;
		};
		67194A321C30943E00DAE805 /* Sources */ = {
			isa = PBXSourcesBuildPhase;
			buildActionMask = 2147483647;
			files = (
				67194A4F1C309E2400DAE805 /* LoginViewController.swift in Sources */,
				67194A3B1C30943E00DAE805 /* DomoEatsUITests.swift in Sources */,
				67194A5D1C30C08300DAE805 /* SelectCatagoryTableViewController.swift in Sources */,
				67194A521C309E2F00DAE805 /* SignUpViewController.swift in Sources */,
				67194A4B1C30991500DAE805 /* SplashViewController.swift in Sources */,
			);
			runOnlyForDeploymentPostprocessing = 0;
		};
/* End PBXSourcesBuildPhase section */

/* Begin PBXTargetDependency section */
		67194A2D1C30943E00DAE805 /* PBXTargetDependency */ = {
			isa = PBXTargetDependency;
			target = 67194A131C30943E00DAE805 /* DomoEats */;
			targetProxy = 67194A2C1C30943E00DAE805 /* PBXContainerItemProxy */;
		};
		67194A381C30943E00DAE805 /* PBXTargetDependency */ = {
			isa = PBXTargetDependency;
			target = 67194A131C30943E00DAE805 /* DomoEats */;
			targetProxy = 67194A371C30943E00DAE805 /* PBXContainerItemProxy */;
		};
/* End PBXTargetDependency section */

/* Begin PBXVariantGroup section */
		67194A1B1C30943E00DAE805 /* Main.storyboard */ = {
			isa = PBXVariantGroup;
			children = (
				67194A1C1C30943E00DAE805 /* Base */,
			);
			name = Main.storyboard;
			sourceTree = "<group>";
		};
		67194A231C30943E00DAE805 /* LaunchScreen.storyboard */ = {
			isa = PBXVariantGroup;
			children = (
				67194A241C30943E00DAE805 /* Base */,
			);
			name = LaunchScreen.storyboard;
			sourceTree = "<group>";
		};
/* End PBXVariantGroup section */

/* Begin XCBuildConfiguration section */
		67194A3D1C30943E00DAE805 /* Debug */ = {
			isa = XCBuildConfiguration;
			buildSettings = {
				ALWAYS_SEARCH_USER_PATHS = NO;
				CLANG_CXX_LANGUAGE_STANDARD = "gnu++0x";
				CLANG_CXX_LIBRARY = "libc++";
				CLANG_ENABLE_MODULES = YES;
				CLANG_ENABLE_OBJC_ARC = YES;
				CLANG_WARN_BOOL_CONVERSION = YES;
				CLANG_WARN_CONSTANT_CONVERSION = YES;
				CLANG_WARN_DIRECT_OBJC_ISA_USAGE = YES_ERROR;
				CLANG_WARN_EMPTY_BODY = YES;
				CLANG_WARN_ENUM_CONVERSION = YES;
				CLANG_WARN_INT_CONVERSION = YES;
				CLANG_WARN_OBJC_ROOT_CLASS = YES_ERROR;
				CLANG_WARN_UNREACHABLE_CODE = YES;
				CLANG_WARN__DUPLICATE_METHOD_MATCH = YES;
				"CODE_SIGN_IDENTITY[sdk=iphoneos*]" = "iPhone Developer";
				COPY_PHASE_STRIP = NO;
				DEBUG_INFORMATION_FORMAT = dwarf;
				ENABLE_STRICT_OBJC_MSGSEND = YES;
				ENABLE_TESTABILITY = YES;
				GCC_C_LANGUAGE_STANDARD = gnu99;
				GCC_DYNAMIC_NO_PIC = NO;
				GCC_NO_COMMON_BLOCKS = YES;
				GCC_OPTIMIZATION_LEVEL = 0;
				GCC_PREPROCESSOR_DEFINITIONS = (
					"DEBUG=1",
					"$(inherited)",
				);
				GCC_WARN_64_TO_32_BIT_CONVERSION = YES;
				GCC_WARN_ABOUT_RETURN_TYPE = YES_ERROR;
				GCC_WARN_UNDECLARED_SELECTOR = YES;
				GCC_WARN_UNINITIALIZED_AUTOS = YES_AGGRESSIVE;
				GCC_WARN_UNUSED_FUNCTION = YES;
				GCC_WARN_UNUSED_VARIABLE = YES;
				IPHONEOS_DEPLOYMENT_TARGET = 9.2;
				MTL_ENABLE_DEBUG_INFO = YES;
				ONLY_ACTIVE_ARCH = YES;
				SDKROOT = iphoneos;
				SWIFT_OPTIMIZATION_LEVEL = "-Onone";
				TARGETED_DEVICE_FAMILY = "1,2";
			};
			name = Debug;
		};
		67194A3E1C30943E00DAE805 /* Release */ = {
			isa = XCBuildConfiguration;
			buildSettings = {
				ALWAYS_SEARCH_USER_PATHS = NO;
				CLANG_CXX_LANGUAGE_STANDARD = "gnu++0x";
				CLANG_CXX_LIBRARY = "libc++";
				CLANG_ENABLE_MODULES = YES;
				CLANG_ENABLE_OBJC_ARC = YES;
				CLANG_WARN_BOOL_CONVERSION = YES;
				CLANG_WARN_CONSTANT_CONVERSION = YES;
				CLANG_WARN_DIRECT_OBJC_ISA_USAGE = YES_ERROR;
				CLANG_WARN_EMPTY_BODY = YES;
				CLANG_WARN_ENUM_CONVERSION = YES;
				CLANG_WARN_INT_CONVERSION = YES;
				CLANG_WARN_OBJC_ROOT_CLASS = YES_ERROR;
				CLANG_WARN_UNREACHABLE_CODE = YES;
				CLANG_WARN__DUPLICATE_METHOD_MATCH = YES;
				"CODE_SIGN_IDENTITY[sdk=iphoneos*]" = "iPhone Developer";
				COPY_PHASE_STRIP = NO;
				DEBUG_INFORMATION_FORMAT = "dwarf-with-dsym";
				ENABLE_NS_ASSERTIONS = NO;
				ENABLE_STRICT_OBJC_MSGSEND = YES;
				GCC_C_LANGUAGE_STANDARD = gnu99;
				GCC_NO_COMMON_BLOCKS = YES;
				GCC_WARN_64_TO_32_BIT_CONVERSION = YES;
				GCC_WARN_ABOUT_RETURN_TYPE = YES_ERROR;
				GCC_WARN_UNDECLARED_SELECTOR = YES;
				GCC_WARN_UNINITIALIZED_AUTOS = YES_AGGRESSIVE;
				GCC_WARN_UNUSED_FUNCTION = YES;
				GCC_WARN_UNUSED_VARIABLE = YES;
				IPHONEOS_DEPLOYMENT_TARGET = 9.2;
				MTL_ENABLE_DEBUG_INFO = NO;
				SDKROOT = iphoneos;
				TARGETED_DEVICE_FAMILY = "1,2";
				VALIDATE_PRODUCT = YES;
			};
			name = Release;
		};
		67194A401C30943E00DAE805 /* Debug */ = {
			isa = XCBuildConfiguration;
			baseConfigurationReference = 29F49A980EA50D5190E35A31 /* Pods-DomoEats.debug.xcconfig */;
			buildSettings = {
				ASSETCATALOG_COMPILER_APPICON_NAME = AppIcon;
				INFOPLIST_FILE = DomoEats/Info.plist;
				IPHONEOS_DEPLOYMENT_TARGET = 8.0;
				LD_RUNPATH_SEARCH_PATHS = "$(inherited) @executable_path/Frameworks";
				PRODUCT_BUNDLE_IDENTIFIER = com.project.DomoEats;
				PRODUCT_NAME = "$(TARGET_NAME)";
				SWIFT_OBJC_BRIDGING_HEADER = "DomoEats-Bridging-Header.h";
				TARGETED_DEVICE_FAMILY = 1;
			};
			name = Debug;
		};
		67194A411C30943E00DAE805 /* Release */ = {
			isa = XCBuildConfiguration;
			baseConfigurationReference = 3BE5D36484A465BC7F4B1CE6 /* Pods-DomoEats.release.xcconfig */;
			buildSettings = {
				ASSETCATALOG_COMPILER_APPICON_NAME = AppIcon;
				INFOPLIST_FILE = DomoEats/Info.plist;
				IPHONEOS_DEPLOYMENT_TARGET = 8.0;
				LD_RUNPATH_SEARCH_PATHS = "$(inherited) @executable_path/Frameworks";
				PRODUCT_BUNDLE_IDENTIFIER = com.project.DomoEats;
				PRODUCT_NAME = "$(TARGET_NAME)";
				SWIFT_OBJC_BRIDGING_HEADER = "DomoEats-Bridging-Header.h";
				TARGETED_DEVICE_FAMILY = 1;
			};
			name = Release;
		};
		67194A431C30943E00DAE805 /* Debug */ = {
			isa = XCBuildConfiguration;
			baseConfigurationReference = B21CBC2B504C5A9DABC10CA0 /* Pods-DomoEatsTests.debug.xcconfig */;
			buildSettings = {
				BUNDLE_LOADER = "$(TEST_HOST)";
				INFOPLIST_FILE = DomoEatsTests/Info.plist;
				LD_RUNPATH_SEARCH_PATHS = "$(inherited) @executable_path/Frameworks @loader_path/Frameworks";
				PRODUCT_BUNDLE_IDENTIFIER = com.project.DomoEatsTests;
				PRODUCT_NAME = "$(TARGET_NAME)";
				TEST_HOST = "$(BUILT_PRODUCTS_DIR)/DomoEats.app/DomoEats";
			};
			name = Debug;
		};
		67194A441C30943E00DAE805 /* Release */ = {
			isa = XCBuildConfiguration;
			baseConfigurationReference = 4BEA07FD4840970DDB0E1516 /* Pods-DomoEatsTests.release.xcconfig */;
			buildSettings = {
				BUNDLE_LOADER = "$(TEST_HOST)";
				INFOPLIST_FILE = DomoEatsTests/Info.plist;
				LD_RUNPATH_SEARCH_PATHS = "$(inherited) @executable_path/Frameworks @loader_path/Frameworks";
				PRODUCT_BUNDLE_IDENTIFIER = com.project.DomoEatsTests;
				PRODUCT_NAME = "$(TARGET_NAME)";
				TEST_HOST = "$(BUILT_PRODUCTS_DIR)/DomoEats.app/DomoEats";
			};
			name = Release;
		};
		67194A461C30943E00DAE805 /* Debug */ = {
			isa = XCBuildConfiguration;
			baseConfigurationReference = 5E523D195C770AF0F4F7FD15 /* Pods-DomoEatsUITests.debug.xcconfig */;
			buildSettings = {
				INFOPLIST_FILE = DomoEatsUITests/Info.plist;
				LD_RUNPATH_SEARCH_PATHS = "$(inherited) @executable_path/Frameworks @loader_path/Frameworks";
				PRODUCT_BUNDLE_IDENTIFIER = com.project.DomoEatsUITests;
				PRODUCT_NAME = "$(TARGET_NAME)";
				TEST_TARGET_NAME = DomoEats;
				USES_XCTRUNNER = YES;
			};
			name = Debug;
		};
		67194A471C30943E00DAE805 /* Release */ = {
			isa = XCBuildConfiguration;
			baseConfigurationReference = A92FBFBB2DA28DA24F89C753 /* Pods-DomoEatsUITests.release.xcconfig */;
			buildSettings = {
				INFOPLIST_FILE = DomoEatsUITests/Info.plist;
				LD_RUNPATH_SEARCH_PATHS = "$(inherited) @executable_path/Frameworks @loader_path/Frameworks";
				PRODUCT_BUNDLE_IDENTIFIER = com.project.DomoEatsUITests;
				PRODUCT_NAME = "$(TARGET_NAME)";
				TEST_TARGET_NAME = DomoEats;
				USES_XCTRUNNER = YES;
			};
			name = Release;
		};
/* End XCBuildConfiguration section */

/* Begin XCConfigurationList section */
		67194A0F1C30943E00DAE805 /* Build configuration list for PBXProject "DomoEats" */ = {
			isa = XCConfigurationList;
			buildConfigurations = (
				67194A3D1C30943E00DAE805 /* Debug */,
				67194A3E1C30943E00DAE805 /* Release */,
			);
			defaultConfigurationIsVisible = 0;
			defaultConfigurationName = Release;
		};
		67194A3F1C30943E00DAE805 /* Build configuration list for PBXNativeTarget "DomoEats" */ = {
			isa = XCConfigurationList;
			buildConfigurations = (
				67194A401C30943E00DAE805 /* Debug */,
				67194A411C30943E00DAE805 /* Release */,
			);
			defaultConfigurationIsVisible = 0;
			defaultConfigurationName = Release;
		};
		67194A421C30943E00DAE805 /* Build configuration list for PBXNativeTarget "DomoEatsTests" */ = {
			isa = XCConfigurationList;
			buildConfigurations = (
				67194A431C30943E00DAE805 /* Debug */,
				67194A441C30943E00DAE805 /* Release */,
			);
			defaultConfigurationIsVisible = 0;
			defaultConfigurationName = Release;
		};
		67194A451C30943E00DAE805 /* Build configuration list for PBXNativeTarget "DomoEatsUITests" */ = {
			isa = XCConfigurationList;
			buildConfigurations = (
				67194A461C30943E00DAE805 /* Debug */,
				67194A471C30943E00DAE805 /* Release */,
			);
			defaultConfigurationIsVisible = 0;
			defaultConfigurationName = Release;
		};
/* End XCConfigurationList section */
	};
	rootObject = 67194A0C1C30943E00DAE805 /* Project object */;
}
